// !$*UTF8*$!
{
	archiveVersion = 1;
	classes = {
	};
	objectVersion = 46;
	objects = {

/* Begin PBXBuildFile section */
		6911FBEC1BD9218800373598 /* movie_quote.mp3 in Resources */ = {isa = PBXBuildFile; fileRef = 6911FBEB1BD9218800373598 /* movie_quote.mp3 */; };
		6911FBEE1BD932F600373598 /* RecordedAudio.swift in Sources */ = {isa = PBXBuildFile; fileRef = 6911FBED1BD932F600373598 /* RecordedAudio.swift */; };
		692E4C731BD3FC7E0013B88F /* PlaySoundsViewController.swift in Sources */ = {isa = PBXBuildFile; fileRef = 692E4C721BD3FC7E0013B88F /* PlaySoundsViewController.swift */; };
		69C061A31BCB8BBD00073D46 /* AppDelegate.swift in Sources */ = {isa = PBXBuildFile; fileRef = 69C061A21BCB8BBD00073D46 /* AppDelegate.swift */; };
		69C061A51BCB8BBD00073D46 /* RecordSoundsViewController.swift in Sources */ = {isa = PBXBuildFile; fileRef = 69C061A41BCB8BBD00073D46 /* RecordSoundsViewController.swift */; };
		69C061A81BCB8BBD00073D46 /* Main.storyboard in Resources */ = {isa = PBXBuildFile; fileRef = 69C061A61BCB8BBD00073D46 /* Main.storyboard */; };
		69C061AA1BCB8BBD00073D46 /* Images.xcassets in Resources */ = {isa = PBXBuildFile; fileRef = 69C061A91BCB8BBD00073D46 /* Images.xcassets */; };
		69C061AD1BCB8BBD00073D46 /* LaunchScreen.xib in Resources */ = {isa = PBXBuildFile; fileRef = 69C061AB1BCB8BBD00073D46 /* LaunchScreen.xib */; };
		69C061B91BCB8BBD00073D46 /* Pitch_PerfectTests.swift in Sources */ = {isa = PBXBuildFile; fileRef = 69C061B81BCB8BBD00073D46 /* Pitch_PerfectTests.swift */; };
/* End PBXBuildFile section */

/* Begin PBXContainerItemProxy section */
		69C061B31BCB8BBD00073D46 /* PBXContainerItemProxy */ = {
			isa = PBXContainerItemProxy;
			containerPortal = 69C061951BCB8BBD00073D46 /* Project object */;
			proxyType = 1;
			remoteGlobalIDString = 69C0619C1BCB8BBD00073D46;
			remoteInfo = "Pitch Perfect";
		};
/* End PBXContainerItemProxy section */

/* Begin PBXFileReference section */
		6911FBEB1BD9218800373598 /* movie_quote.mp3 */ = {isa = PBXFileReference; lastKnownFileType = audio.mp3; name = movie_quote.mp3; path = ../../../Sounds/movie_quote.mp3; sourceTree = "<group>"; };
		6911FBED1BD932F600373598 /* RecordedAudio.swift */ = {isa = PBXFileReference; fileEncoding = 4; lastKnownFileType = sourcecode.swift; path = RecordedAudio.swift; sourceTree = "<group>"; };
		692E4C721BD3FC7E0013B88F /* PlaySoundsViewController.swift */ = {isa = PBXFileReference; fileEncoding = 4; lastKnownFileType = sourcecode.swift; path = PlaySoundsViewController.swift; sourceTree = "<group>"; };
		69C0619D1BCB8BBD00073D46 /* Pitch Perfect.app */ = {isa = PBXFileReference; explicitFileType = wrapper.application; includeInIndex = 0; path = "Pitch Perfect.app"; sourceTree = BUILT_PRODUCTS_DIR; };
		69C061A11BCB8BBD00073D46 /* Info.plist */ = {isa = PBXFileReference; lastKnownFileType = text.plist.xml; path = Info.plist; sourceTree = "<group>"; };
		69C061A21BCB8BBD00073D46 /* AppDelegate.swift */ = {isa = PBXFileReference; lastKnownFileType = sourcecode.swift; path = AppDelegate.swift; sourceTree = "<group>"; };
		69C061A41BCB8BBD00073D46 /* RecordSoundsViewController.swift */ = {isa = PBXFileReference; lastKnownFileType = sourcecode.swift; path = RecordSoundsViewController.swift; sourceTree = "<group>"; };
		69C061A71BCB8BBD00073D46 /* Base */ = {isa = PBXFileReference; lastKnownFileType = file.storyboard; name = Base; path = Base.lproj/Main.storyboard; sourceTree = "<group>"; };
		69C061A91BCB8BBD00073D46 /* Images.xcassets */ = {isa = PBXFileReference; lastKnownFileType = folder.assetcatalog; path = Images.xcassets; sourceTree = "<group>"; };
		69C061AC1BCB8BBD00073D46 /* Base */ = {isa = PBXFileReference; lastKnownFileType = file.xib; name = Base; path = Base.lproj/LaunchScreen.xib; sourceTree = "<group>"; };
		69C061B21BCB8BBD00073D46 /* Pitch PerfectTests.xctest */ = {isa = PBXFileReference; explicitFileType = wrapper.cfbundle; includeInIndex = 0; path = "Pitch PerfectTests.xctest"; sourceTree = BUILT_PRODUCTS_DIR; };
		69C061B71BCB8BBD00073D46 /* Info.plist */ = {isa = PBXFileReference; lastKnownFileType = text.plist.xml; path = Info.plist; sourceTree = "<group>"; };
		69C061B81BCB8BBD00073D46 /* Pitch_PerfectTests.swift */ = {isa = PBXFileReference; lastKnownFileType = sourcecode.swift; path = Pitch_PerfectTests.swift; sourceTree = "<group>"; };
/* End PBXFileReference section */

/* Begin PBXFrameworksBuildPhase section */
		69C0619A1BCB8BBD00073D46 /* Frameworks */ = {
			isa = PBXFrameworksBuildPhase;
			buildActionMask = 2147483647;
			files = (
			);
			runOnlyForDeploymentPostprocessing = 0;
		};
		69C061AF1BCB8BBD00073D46 /* Frameworks */ = {
			isa = PBXFrameworksBuildPhase;
			buildActionMask = 2147483647;
			files = (
			);
			runOnlyForDeploymentPostprocessing = 0;
		};
/* End PBXFrameworksBuildPhase section */

/* Begin PBXGroup section */
		69C061941BCB8BBD00073D46 = {
			isa = PBXGroup;
			children = (
				69C0619F1BCB8BBD00073D46 /* Pitch Perfect */,
				69C061B51BCB8BBD00073D46 /* Pitch PerfectTests */,
				69C0619E1BCB8BBD00073D46 /* Products */,
			);
			sourceTree = "<group>";
		};
		69C0619E1BCB8BBD00073D46 /* Products */ = {
			isa = PBXGroup;
			children = (
				69C0619D1BCB8BBD00073D46 /* Pitch Perfect.app */,
				69C061B21BCB8BBD00073D46 /* Pitch PerfectTests.xctest */,
			);
			name = Products;
			sourceTree = "<group>";
		};
		69C0619F1BCB8BBD00073D46 /* Pitch Perfect */ = {
			isa = PBXGroup;
			children = (
				69C061A21BCB8BBD00073D46 /* AppDelegate.swift */,
				69C061A41BCB8BBD00073D46 /* RecordSoundsViewController.swift */,
				6911FBED1BD932F600373598 /* RecordedAudio.swift */,
				69C061A61BCB8BBD00073D46 /* Main.storyboard */,
				692E4C721BD3FC7E0013B88F /* PlaySoundsViewController.swift */,
				69C061A91BCB8BBD00073D46 /* Images.xcassets */,
				69C061AB1BCB8BBD00073D46 /* LaunchScreen.xib */,
				69C061A01BCB8BBD00073D46 /* Supporting Files */,
			);
			path = "Pitch Perfect";
			sourceTree = "<group>";
		};
		69C061A01BCB8BBD00073D46 /* Supporting Files */ = {
			isa = PBXGroup;
			children = (
				6911FBEB1BD9218800373598 /* movie_quote.mp3 */,
				69C061A11BCB8BBD00073D46 /* Info.plist */,
			);
			name = "Supporting Files";
			sourceTree = "<group>";
		};
		69C061B51BCB8BBD00073D46 /* Pitch PerfectTests */ = {
			isa = PBXGroup;
			children = (
				69C061B81BCB8BBD00073D46 /* Pitch_PerfectTests.swift */,
				69C061B61BCB8BBD00073D46 /* Supporting Files */,
			);
			path = "Pitch PerfectTests";
			sourceTree = "<group>";
		};
		69C061B61BCB8BBD00073D46 /* Supporting Files */ = {
			isa = PBXGroup;
			children = (
				69C061B71BCB8BBD00073D46 /* Info.plist */,
			);
			name = "Supporting Files";
			sourceTree = "<group>";
		};
/* End PBXGroup section */

/* Begin PBXNativeTarget section */
		69C0619C1BCB8BBD00073D46 /* Pitch Perfect */ = {
			isa = PBXNativeTarget;
			buildConfigurationList = 69C061BC1BCB8BBD00073D46 /* Build configuration list for PBXNativeTarget "Pitch Perfect" */;
			buildPhases = (
				69C061991BCB8BBD00073D46 /* Sources */,
				69C0619A1BCB8BBD00073D46 /* Frameworks */,
				69C0619B1BCB8BBD00073D46 /* Resources */,
			);
			buildRules = (
			);
			dependencies = (
			);
			name = "Pitch Perfect";
			productName = "Pitch Perfect";
			productReference = 69C0619D1BCB8BBD00073D46 /* Pitch Perfect.app */;
			productType = "com.apple.product-type.application";
		};
		69C061B11BCB8BBD00073D46 /* Pitch PerfectTests */ = {
			isa = PBXNativeTarget;
			buildConfigurationList = 69C061BF1BCB8BBD00073D46 /* Build configuration list for PBXNativeTarget "Pitch PerfectTests" */;
			buildPhases = (
				69C061AE1BCB8BBD00073D46 /* Sources */,
				69C061AF1BCB8BBD00073D46 /* Frameworks */,
				69C061B01BCB8BBD00073D46 /* Resources */,
			);
			buildRules = (
			);
			dependencies = (
				69C061B41BCB8BBD00073D46 /* PBXTargetDependency */,
			);
			name = "Pitch PerfectTests";
			productName = "Pitch PerfectTests";
			productReference = 69C061B21BCB8BBD00073D46 /* Pitch PerfectTests.xctest */;
			productType = "com.apple.product-type.bundle.unit-test";
		};
/* End PBXNativeTarget section */

/* Begin PBXProject section */
		69C061951BCB8BBD00073D46 /* Project object */ = {
			isa = PBXProject;
			attributes = {
				LastSwiftMigration = 0700;
				LastSwiftUpdateCheck = 0700;
				LastUpgradeCheck = 0700;
				ORGANIZATIONNAME = "Latchezar Mladenov";
				TargetAttributes = {
					69C0619C1BCB8BBD00073D46 = {
						CreatedOnToolsVersion = 6.4;
						DevelopmentTeam = 4D5PLR5969;
					};
					69C061B11BCB8BBD00073D46 = {
						CreatedOnToolsVersion = 6.4;
						TestTargetID = 69C0619C1BCB8BBD00073D46;
					};
				};
			};
			buildConfigurationList = 69C061981BCB8BBD00073D46 /* Build configuration list for PBXProject "Pitch Perfect" */;
			compatibilityVersion = "Xcode 3.2";
			developmentRegion = English;
			hasScannedForEncodings = 0;
			knownRegions = (
				en,
				Base,
			);
			mainGroup = 69C061941BCB8BBD00073D46;
			productRefGroup = 69C0619E1BCB8BBD00073D46 /* Products */;
			projectDirPath = "";
			projectRoot = "";
			targets = (
				69C0619C1BCB8BBD00073D46 /* Pitch Perfect */,
				69C061B11BCB8BBD00073D46 /* Pitch PerfectTests */,
			);
		};
/* End PBXProject section */

/* Begin PBXResourcesBuildPhase section */
		69C0619B1BCB8BBD00073D46 /* Resources */ = {
			isa = PBXResourcesBuildPhase;
			buildActionMask = 2147483647;
			files = (
				69C061A81BCB8BBD00073D46 /* Main.storyboard in Resources */,
				69C061AD1BCB8BBD00073D46 /* LaunchScreen.xib in Resources */,
				6911FBEC1BD9218800373598 /* movie_quote.mp3 in Resources */,
				69C061AA1BCB8BBD00073D46 /* Images.xcassets in Resources */,
			);
			runOnlyForDeploymentPostprocessing = 0;
		};
		69C061B01BCB8BBD00073D46 /* Resources */ = {
			isa = PBXResourcesBuildPhase;
			buildActionMask = 2147483647;
			files = (
			);
			runOnlyForDeploymentPostprocessing = 0;
		};
/* End PBXResourcesBuildPhase section */

/* Begin PBXSourcesBuildPhase section */
		69C061991BCB8BBD00073D46 /* Sources */ = {
			isa = PBXSourcesBuildPhase;
			buildActionMask = 2147483647;
			files = (
				6911FBEE1BD932F600373598 /* RecordedAudio.swift in Sources */,
				69C061A51BCB8BBD00073D46 /* RecordSoundsViewController.swift in Sources */,
				692E4C731BD3FC7E0013B88F /* PlaySoundsViewController.swift in Sources */,
				69C061A31BCB8BBD00073D46 /* AppDelegate.swift in Sources */,
			);
			runOnlyForDeploymentPostprocessing = 0;
		};
		69C061AE1BCB8BBD00073D46 /* Sources */ = {
			isa = PBXSourcesBuildPhase;
			buildActionMask = 2147483647;
			files = (
				69C061B91BCB8BBD00073D46 /* Pitch_PerfectTests.swift in Sources */,
			);
			runOnlyForDeploymentPostprocessing = 0;
		};
/* End PBXSourcesBuildPhase section */

/* Begin PBXTargetDependency section */
		69C061B41BCB8BBD00073D46 /* PBXTargetDependency */ = {
			isa = PBXTargetDependency;
			target = 69C0619C1BCB8BBD00073D46 /* Pitch Perfect */;
			targetProxy = 69C061B31BCB8BBD00073D46 /* PBXContainerItemProxy */;
		};
/* End PBXTargetDependency section */

/* Begin PBXVariantGroup section */
		69C061A61BCB8BBD00073D46 /* Main.storyboard */ = {
			isa = PBXVariantGroup;
			children = (
				69C061A71BCB8BBD00073D46 /* Base */,
			);
			name = Main.storyboard;
			sourceTree = "<group>";
		};
		69C061AB1BCB8BBD00073D46 /* LaunchScreen.xib */ = {
			isa = PBXVariantGroup;
			children = (
				69C061AC1BCB8BBD00073D46 /* Base */,
			);
			name = LaunchScreen.xib;
			sourceTree = "<group>";
		};
/* End PBXVariantGroup section */

/* Begin XCBuildConfiguration section */
		69C061BA1BCB8BBD00073D46 /* Debug */ = {
			isa = XCBuildConfiguration;
			buildSettings = {
				ALWAYS_SEARCH_USER_PATHS = NO;
				CLANG_CXX_LANGUAGE_STANDARD = "gnu++0x";
				CLANG_CXX_LIBRARY = "libc++";
				CLANG_ENABLE_MODULES = YES;
				CLANG_ENABLE_OBJC_ARC = YES;
				CLANG_WARN_BOOL_CONVERSION = YES;
				CLANG_WARN_CONSTANT_CONVERSION = YES;
				CLANG_WARN_DIRECT_OBJC_ISA_USAGE = YES_ERROR;
				CLANG_WARN_EMPTY_BODY = YES;
				CLANG_WARN_ENUM_CONVERSION = YES;
				CLANG_WARN_INT_CONVERSION = YES;
				CLANG_WARN_OBJC_ROOT_CLASS = YES_ERROR;
				CLANG_WARN_UNREACHABLE_CODE = YES;
				CLANG_WARN__DUPLICATE_METHOD_MATCH = YES;
				"CODE_SIGN_IDENTITY[sdk=iphoneos*]" = "iPhone Developer";
				COPY_PHASE_STRIP = NO;
				DEBUG_INFORMATION_FORMAT = "dwarf-with-dsym";
				ENABLE_STRICT_OBJC_MSGSEND = YES;
				ENABLE_TESTABILITY = YES;
				GCC_C_LANGUAGE_STANDARD = gnu99;
				GCC_DYNAMIC_NO_PIC = NO;
				GCC_NO_COMMON_BLOCKS = YES;
				GCC_OPTIMIZATION_LEVEL = 0;
				GCC_PREPROCESSOR_DEFINITIONS = (
					"DEBUG=1",
					"$(inherited)",
				);
				GCC_SYMBOLS_PRIVATE_EXTERN = NO;
				GCC_WARN_64_TO_32_BIT_CONVERSION = YES;
				GCC_WARN_ABOUT_RETURN_TYPE = YES_ERROR;
				GCC_WARN_UNDECLARED_SELECTOR = YES;
				GCC_WARN_UNINITIALIZED_AUTOS = YES_AGGRESSIVE;
				GCC_WARN_UNUSED_FUNCTION = YES;
				GCC_WARN_UNUSED_VARIABLE = YES;
				IPHONEOS_DEPLOYMENT_TARGET = 8.4;
				MTL_ENABLE_DEBUG_INFO = YES;
				ONLY_ACTIVE_ARCH = YES;
				SDKROOT = iphoneos;
				SWIFT_OPTIMIZATION_LEVEL = "-Onone";
			};
			name = Debug;
		};
		69C061BB1BCB8BBD00073D46 /* Release */ = {
			isa = XCBuildConfiguration;
			buildSettings = {
				ALWAYS_SEARCH_USER_PATHS = NO;
				CLANG_CXX_LANGUAGE_STANDARD = "gnu++0x";
				CLANG_CXX_LIBRARY = "libc++";
				CLANG_ENABLE_MODULES = YES;
				CLANG_ENABLE_OBJC_ARC = YES;
				CLANG_WARN_BOOL_CONVERSION = YES;
				CLANG_WARN_CONSTANT_CONVERSION = YES;
				CLANG_WARN_DIRECT_OBJC_ISA_USAGE = YES_ERROR;
				CLANG_WARN_EMPTY_BODY = YES;
				CLANG_WARN_ENUM_CONVERSION = YES;
				CLANG_WARN_INT_CONVERSION = YES;
				CLANG_WARN_OBJC_ROOT_CLASS = YES_ERROR;
				CLANG_WARN_UNREACHABLE_CODE = YES;
				CLANG_WARN__DUPLICATE_METHOD_MATCH = YES;
				"CODE_SIGN_IDENTITY[sdk=iphoneos*]" = "iPhone Developer";
				COPY_PHASE_STRIP = NO;
				DEBUG_INFORMATION_FORMAT = "dwarf-with-dsym";
				ENABLE_NS_ASSERTIONS = NO;
				ENABLE_STRICT_OBJC_MSGSEND = YES;
				GCC_C_LANGUAGE_STANDARD = gnu99;
				GCC_NO_COMMON_BLOCKS = YES;
				GCC_WARN_64_TO_32_BIT_CONVERSION = YES;
				GCC_WARN_ABOUT_RETURN_TYPE = YES_ERROR;
				GCC_WARN_UNDECLARED_SELECTOR = YES;
				GCC_WARN_UNINITIALIZED_AUTOS = YES_AGGRESSIVE;
				GCC_WARN_UNUSED_FUNCTION = YES;
				GCC_WARN_UNUSED_VARIABLE = YES;
				IPHONEOS_DEPLOYMENT_TARGET = 8.4;
				MTL_ENABLE_DEBUG_INFO = NO;
				SDKROOT = iphoneos;
				VALIDATE_PRODUCT = YES;
			};
			name = Release;
		};
		69C061BD1BCB8BBD00073D46 /* Debug */ = {
			isa = XCBuildConfiguration;
			buildSettings = {
				ASSETCATALOG_COMPILER_APPICON_NAME = AppIcon;
				CODE_SIGN_IDENTITY = "iPhone Developer";
				"CODE_SIGN_IDENTITY[sdk=iphoneos*]" = "iPhone Developer";
				INFOPLIST_FILE = "Pitch Perfect/Info.plist";
				LD_RUNPATH_SEARCH_PATHS = "$(inherited) @executable_path/Frameworks";
				PRODUCT_BUNDLE_IDENTIFIER = "com.latchezar.$(PRODUCT_NAME:rfc1034identifier)";
				PRODUCT_NAME = "$(TARGET_NAME)";
				PROVISIONING_PROFILE = "";
			};
			name = Debug;
		};
		69C061BE1BCB8BBD00073D46 /* Release */ = {
			isa = XCBuildConfiguration;
			buildSettings = {
				ASSETCATALOG_COMPILER_APPICON_NAME = AppIcon;
				CODE_SIGN_IDENTITY = "iPhone Developer";
				"CODE_SIGN_IDENTITY[sdk=iphoneos*]" = "iPhone Developer";
				INFOPLIST_FILE = "Pitch Perfect/Info.plist";
				LD_RUNPATH_SEARCH_PATHS = "$(inherited) @executable_path/Frameworks";
				PRODUCT_BUNDLE_IDENTIFIER = "com.latchezar.$(PRODUCT_NAME:rfc1034identifier)";
				PRODUCT_NAME = "$(TARGET_NAME)";
				PROVISIONING_PROFILE = "";
			};
			name = Release;
		};
		69C061C01BCB8BBD00073D46 /* Debug */ = {
			isa = XCBuildConfiguration;
			buildSettings = {
				BUNDLE_LOADER = "$(TEST_HOST)";
				FRAMEWORK_SEARCH_PATHS = (
					"$(SDKROOT)/Developer/Library/Frameworks",
					"$(inherited)",
				);
				GCC_PREPROCESSOR_DEFINITIONS = (
					"DEBUG=1",
					"$(inherited)",
				);
				INFOPLIST_FILE = "Pitch PerfectTests/Info.plist";
				LD_RUNPATH_SEARCH_PATHS = "$(inherited) @executable_path/Frameworks @loader_path/Frameworks";
				PRODUCT_BUNDLE_IDENTIFIER = "com.latchezar.$(PRODUCT_NAME:rfc1034identifier)";
				PRODUCT_NAME = "$(TARGET_NAME)";
				TEST_HOST = "$(BUILT_PRODUCTS_DIR)/Pitch Perfect.app/Pitch Perfect";
			};
			name = Debug;
		};
		69C061C11BCB8BBD00073D46 /* Release */ = {
			isa = XCBuildConfiguration;
			buildSettings = {
				BUNDLE_LOADER = "$(TEST_HOST)";
				FRAMEWORK_SEARCH_PATHS = (
					"$(SDKROOT)/Developer/Library/Frameworks",
					"$(inherited)",
				);
				INFOPLIST_FILE = "Pitch PerfectTests/Info.plist";
				LD_RUNPATH_SEARCH_PATHS = "$(inherited) @executable_path/Frameworks @loader_path/Frameworks";
				PRODUCT_BUNDLE_IDENTIFIER = "com.latchezar.$(PRODUCT_NAME:rfc1034identifier)";
				PRODUCT_NAME = "$(TARGET_NAME)";
				TEST_HOST = "$(BUILT_PRODUCTS_DIR)/Pitch Perfect.app/Pitch Perfect";
			};
			name = Release;
		};
/* End XCBuildConfiguration section */

/* Begin XCConfigurationList section */
		69C061981BCB8BBD00073D46 /* Build configuration list for PBXProject "Pitch Perfect" */ = {
			isa = XCConfigurationList;
			buildConfigurations = (
				69C061BA1BCB8BBD00073D46 /* Debug */,
				69C061BB1BCB8BBD00073D46 /* Release */,
			);
			defaultConfigurationIsVisible = 0;
			defaultConfigurationName = Release;
		};
		69C061BC1BCB8BBD00073D46 /* Build configuration list for PBXNativeTarget "Pitch Perfect" */ = {
			isa = XCConfigurationList;
			buildConfigurations = (
				69C061BD1BCB8BBD00073D46 /* Debug */,
				69C061BE1BCB8BBD00073D46 /* Release */,
			);
			defaultConfigurationIsVisible = 0;
			defaultConfigurationName = Release;
		};
		69C061BF1BCB8BBD00073D46 /* Build configuration list for PBXNativeTarget "Pitch PerfectTests" */ = {
			isa = XCConfigurationList;
			buildConfigurations = (
				69C061C01BCB8BBD00073D46 /* Debug */,
				69C061C11BCB8BBD00073D46 /* Release */,
			);
			defaultConfigurationIsVisible = 0;
			defaultConfigurationName = Release;
		};
/* End XCConfigurationList section */
	};
	rootObject = 69C061951BCB8BBD00073D46 /* Project object */;
}
